
Microsoft Visual Studio Solution File, Format Version 12.00
# Visual Studio Version 17
VisualStudioVersion = 17.0.32126.317
MinimumVisualStudioVersion = 10.0.40219.1
Project("{FAE04EC0-301F-11D3-BF4B-00C04F79EFBC}") = "HashTables", "HashTables\HashTables.csproj", "{BD5DED71-3103-40D2-906E-3D6D1753795B}"
EndProject
Global
	GlobalSection(SolutionConfigurationPlatforms) = preSolution
		Debug|Any CPU = Debug|Any CPU
		Release|Any CPU = Release|Any CPU
	EndGlobalSection
	GlobalSection(ProjectConfigurationPlatforms) = postSolution
		{BD5DED71-3103-40D2-906E-3D6D1753795B}.Debug|Any CPU.ActiveCfg = Debug|Any CPU
		{BD5DED71-3103-40D2-906E-3D6D1753795B}.Debug|Any CPU.Build.0 = Debug|Any CPU
		{BD5DED71-3103-40D2-906E-3D6D1753795B}.Release|Any CPU.ActiveCfg = Release|Any CPU
		{BD5DED71-3103-40D2-906E-3D6D1753795B}.Release|Any CPU.Build.0 = Release|Any CPU
	EndGlobalSection
	GlobalSection(SolutionProperties) = preSolution
		HideSolutionNode = FALSE
	EndGlobalSection
	GlobalSection(ExtensibilityGlobals) = postSolution
		SolutionGuid = {8AA5CE3B-D912-4548-9539-ED378A2B96A4}
	EndGlobalSection
EndGlobal
